# THIS IS AN AUTOGENERATED FILE. DO NOT EDIT THIS FILE DIRECTLY.
# yarn lockfile v1


five@^0.8.0:
  version "0.8.0"
  resolved "https://registry.yarnpkg.com/five/-/five-0.8.0.tgz#e7bde97d21265c70c145e1b09f879e41d92d9c75"

is-array@^1.0.1:
  version "1.0.1"
  resolved "https://registry.yarnpkg.com/is-array/-/is-array-1.0.1.tgz#e9850cc2cc860c3bc0977e84ccf0dd464584279a"
